Microsoft Visual Studio Solution File, Format Version 12.00
# Visual Studio Version 17
VisualStudioVersion = 17.5.2.0
MinimumVisualStudioVersion = 10.0.40219.1
Project("{FAE04EC0-301F-11D3-BF4B-00C04F79EFBC}") = "ED-Embrasures_1.1", "Source\ED-Embrasures_1.1.csproj", "{BCA077D2-906C-0065-35AB-681D43301909}"
EndProject
Global
	GlobalSection(SolutionConfigurationPlatforms) = preSolution
		Debug|Any CPU = Debug|Any CPU
		Release|Any CPU = Release|Any CPU
	EndGlobalSection
	GlobalSection(ProjectConfigurationPlatforms) = postSolution
		{BCA077D2-906C-0065-35AB-681D43301909}.Debug|Any CPU.ActiveCfg = Debug|Any CPU
		{BCA077D2-906C-0065-35AB-681D43301909}.Debug|Any CPU.Build.0 = Debug|Any CPU
		{BCA077D2-906C-0065-35AB-681D43301909}.Release|Any CPU.ActiveCfg = Release|Any CPU
		{BCA077D2-906C-0065-35AB-681D43301909}.Release|Any CPU.Build.0 = Release|Any CPU
	EndGlobalSection
	GlobalSection(SolutionProperties) = preSolution
		HideSolutionNode = FALSE
	EndGlobalSection
	GlobalSection(ExtensibilityGlobals) = postSolution
		SolutionGuid = {33FC40DB-B232-4ED4-91DF-F3AA869AE8FA}
	EndGlobalSection
EndGlobal
